
Microsoft Visual Studio Solution File, Format Version 12.00
# Visual Studio 15
VisualStudioVersion = 15.0.26124.0
MinimumVisualStudioVersion = 15.0.26124.0
Project("{2150E333-8FDC-42A3-9474-1A3956D46DE8}") = "src", "src", "{5FEAAF7C-8FAF-4E03-B55D-4147FD795E3A}"
EndProject
Project("{FAE04EC0-301F-11D3-BF4B-00C04F79EFBC}") = "GradeBook", "src\GradeBook\GradeBook.csproj", "{A107203F-084E-41E5-987C-3CBE7E287373}"
EndProject
Project("{2150E333-8FDC-42A3-9474-1A3956D46DE8}") = "Test", "Test", "{D447DA76-B443-42F6-B0C2-A153007EAD6D}"
EndProject
Project("{FAE04EC0-301F-11D3-BF4B-00C04F79EFBC}") = "GradeBook.Tests", "Test\GradeBook.Tests\GradeBook.Tests.csproj", "{214D2DAC-4357-48CE-B5B1-8EBA5A5A1A1A}"
EndProject
Global
	GlobalSection(SolutionConfigurationPlatforms) = preSolution
		Debug|Any CPU = Debug|Any CPU
		Debug|x64 = Debug|x64
		Debug|x86 = Debug|x86
		Release|Any CPU = Release|Any CPU
		Release|x64 = Release|x64
		Release|x86 = Release|x86
	EndGlobalSection
	GlobalSection(SolutionProperties) = preSolution
		HideSolutionNode = FALSE
	EndGlobalSection
	GlobalSection(ProjectConfigurationPlatforms) = postSolution
		{A107203F-084E-41E5-987C-3CBE7E287373}.Debug|Any CPU.ActiveCfg = Debug|Any CPU
		{A107203F-084E-41E5-987C-3CBE7E287373}.Debug|Any CPU.Build.0 = Debug|Any CPU
		{A107203F-084E-41E5-987C-3CBE7E287373}.Debug|x64.ActiveCfg = Debug|Any CPU
		{A107203F-084E-41E5-987C-3CBE7E287373}.Debug|x64.Build.0 = Debug|Any CPU
		{A107203F-084E-41E5-987C-3CBE7E287373}.Debug|x86.ActiveCfg = Debug|Any CPU
		{A107203F-084E-41E5-987C-3CBE7E287373}.Debug|x86.Build.0 = Debug|Any CPU
		{A107203F-084E-41E5-987C-3CBE7E287373}.Release|Any CPU.ActiveCfg = Release|Any CPU
		{A107203F-084E-41E5-987C-3CBE7E287373}.Release|Any CPU.Build.0 = Release|Any CPU
		{A107203F-084E-41E5-987C-3CBE7E287373}.Release|x64.ActiveCfg = Release|Any CPU
		{A107203F-084E-41E5-987C-3CBE7E287373}.Release|x64.Build.0 = Release|Any CPU
		{A107203F-084E-41E5-987C-3CBE7E287373}.Release|x86.ActiveCfg = Release|Any CPU
		{A107203F-084E-41E5-987C-3CBE7E287373}.Release|x86.Build.0 = Release|Any CPU
		{214D2DAC-4357-48CE-B5B1-8EBA5A5A1A1A}.Debug|Any CPU.ActiveCfg = Debug|Any CPU
		{214D2DAC-4357-48CE-B5B1-8EBA5A5A1A1A}.Debug|Any CPU.Build.0 = Debug|Any CPU
		{214D2DAC-4357-48CE-B5B1-8EBA5A5A1A1A}.Debug|x64.ActiveCfg = Debug|Any CPU
		{214D2DAC-4357-48CE-B5B1-8EBA5A5A1A1A}.Debug|x64.Build.0 = Debug|Any CPU
		{214D2DAC-4357-48CE-B5B1-8EBA5A5A1A1A}.Debug|x86.ActiveCfg = Debug|Any CPU
		{214D2DAC-4357-48CE-B5B1-8EBA5A5A1A1A}.Debug|x86.Build.0 = Debug|Any CPU
		{214D2DAC-4357-48CE-B5B1-8EBA5A5A1A1A}.Release|Any CPU.ActiveCfg = Release|Any CPU
		{214D2DAC-4357-48CE-B5B1-8EBA5A5A1A1A}.Release|Any CPU.Build.0 = Release|Any CPU
		{214D2DAC-4357-48CE-B5B1-8EBA5A5A1A1A}.Release|x64.ActiveCfg = Release|Any CPU
		{214D2DAC-4357-48CE-B5B1-8EBA5A5A1A1A}.Release|x64.Build.0 = Release|Any CPU
		{214D2DAC-4357-48CE-B5B1-8EBA5A5A1A1A}.Release|x86.ActiveCfg = Release|Any CPU
		{214D2DAC-4357-48CE-B5B1-8EBA5A5A1A1A}.Release|x86.Build.0 = Release|Any CPU
	EndGlobalSection
	GlobalSection(NestedProjects) = preSolution
		{A107203F-084E-41E5-987C-3CBE7E287373} = {5FEAAF7C-8FAF-4E03-B55D-4147FD795E3A}
		{214D2DAC-4357-48CE-B5B1-8EBA5A5A1A1A} = {D447DA76-B443-42F6-B0C2-A153007EAD6D}
	EndGlobalSection
EndGlobal
